
Microsoft Visual Studio Solution File, Format Version 12.00
# Visual Studio Version 16
VisualStudioVersion = 16.0.29326.143
MinimumVisualStudioVersion = 10.0.40219.1
Project("{FAE04EC0-301F-11D3-BF4B-00C04F79EFBC}") = "MobileApp.Android", "MobileApp\MobileApp.Android\MobileApp.Android.csproj", "{5FBAB638-D167-4B8E-889B-728BD59477F4}"
EndProject
Project("{FAE04EC0-301F-11D3-BF4B-00C04F79EFBC}") = "MobileApp.iOS", "MobileApp\MobileApp.iOS\MobileApp.iOS.csproj", "{FDF5F23F-5435-467A-B526-960205B78D7E}"
EndProject
Project("{FAE04EC0-301F-11D3-BF4B-00C04F79EFBC}") = "MobileApp", "MobileApp\MobileApp\MobileApp.csproj", "{BDE152E5-0FB7-4A32-8E16-93166E430E7F}"
EndProject
Global
	GlobalSection(SolutionConfigurationPlatforms) = preSolution
		Debug|Any CPU = Debug|Any CPU
		Debug|iPhone = Debug|iPhone
		Debug|iPhoneSimulator = Debug|iPhoneSimulator
		Release|Any CPU = Release|Any CPU
		Release|iPhone = Release|iPhone
		Release|iPhoneSimulator = Release|iPhoneSimulator
	EndGlobalSection
	GlobalSection(ProjectConfigurationPlatforms) = postSolution
		{5FBAB638-D167-4B8E-889B-728BD59477F4}.Debug|Any CPU.ActiveCfg = Debug|Any CPU
		{5FBAB638-D167-4B8E-889B-728BD59477F4}.Debug|Any CPU.Build.0 = Debug|Any CPU
		{5FBAB638-D167-4B8E-889B-728BD59477F4}.Debug|Any CPU.Deploy.0 = Debug|Any CPU
		{5FBAB638-D167-4B8E-889B-728BD59477F4}.Debug|iPhone.ActiveCfg = Debug|Any CPU
		{5FBAB638-D167-4B8E-889B-728BD59477F4}.Debug|iPhone.Build.0 = Debug|Any CPU
		{5FBAB638-D167-4B8E-889B-728BD59477F4}.Debug|iPhone.Deploy.0 = Debug|Any CPU
		{5FBAB638-D167-4B8E-889B-728BD59477F4}.Debug|iPhoneSimulator.ActiveCfg = Debug|Any CPU
		{5FBAB638-D167-4B8E-889B-728BD59477F4}.Debug|iPhoneSimulator.Build.0 = Debug|Any CPU
		{5FBAB638-D167-4B8E-889B-728BD59477F4}.Debug|iPhoneSimulator.Deploy.0 = Debug|Any CPU
		{5FBAB638-D167-4B8E-889B-728BD59477F4}.Release|Any CPU.ActiveCfg = Release|Any CPU
		{5FBAB638-D167-4B8E-889B-728BD59477F4}.Release|Any CPU.Build.0 = Release|Any CPU
		{5FBAB638-D167-4B8E-889B-728BD59477F4}.Release|Any CPU.Deploy.0 = Release|Any CPU
		{5FBAB638-D167-4B8E-889B-728BD59477F4}.Release|iPhone.ActiveCfg = Release|Any CPU
		{5FBAB638-D167-4B8E-889B-728BD59477F4}.Release|iPhone.Build.0 = Release|Any CPU
		{5FBAB638-D167-4B8E-889B-728BD59477F4}.Release|iPhone.Deploy.0 = Release|Any CPU
		{5FBAB638-D167-4B8E-889B-728BD59477F4}.Release|iPhoneSimulator.ActiveCfg = Release|Any CPU
		{5FBAB638-D167-4B8E-889B-728BD59477F4}.Release|iPhoneSimulator.Build.0 = Release|Any CPU
		{5FBAB638-D167-4B8E-889B-728BD59477F4}.Release|iPhoneSimulator.Deploy.0 = Release|Any CPU
		{FDF5F23F-5435-467A-B526-960205B78D7E}.Debug|Any CPU.ActiveCfg = Debug|iPhoneSimulator
		{FDF5F23F-5435-467A-B526-960205B78D7E}.Debug|Any CPU.Build.0 = Debug|iPhoneSimulator
		{FDF5F23F-5435-467A-B526-960205B78D7E}.Debug|Any CPU.Deploy.0 = Debug|iPhoneSimulator
		{FDF5F23F-5435-467A-B526-960205B78D7E}.Debug|iPhone.ActiveCfg = Debug|iPhone
		{FDF5F23F-5435-467A-B526-960205B78D7E}.Debug|iPhone.Build.0 = Debug|iPhone
		{FDF5F23F-5435-467A-B526-960205B78D7E}.Debug|iPhone.Deploy.0 = Debug|iPhone
		{FDF5F23F-5435-467A-B526-960205B78D7E}.Debug|iPhoneSimulator.ActiveCfg = Debug|iPhoneSimulator
		{FDF5F23F-5435-467A-B526-960205B78D7E}.Debug|iPhoneSimulator.Build.0 = Debug|iPhoneSimulator
		{FDF5F23F-5435-467A-B526-960205B78D7E}.Debug|iPhoneSimulator.Deploy.0 = Debug|iPhoneSimulator
		{FDF5F23F-5435-467A-B526-960205B78D7E}.Release|Any CPU.ActiveCfg = Release|iPhone
		{FDF5F23F-5435-467A-B526-960205B78D7E}.Release|Any CPU.Build.0 = Release|iPhone
		{FDF5F23F-5435-467A-B526-960205B78D7E}.Release|Any CPU.Deploy.0 = Release|iPhone
		{FDF5F23F-5435-467A-B526-960205B78D7E}.Release|iPhone.ActiveCfg = Release|iPhone
		{FDF5F23F-5435-467A-B526-960205B78D7E}.Release|iPhone.Build.0 = Release|iPhone
		{FDF5F23F-5435-467A-B526-960205B78D7E}.Release|iPhone.Deploy.0 = Release|iPhone
		{FDF5F23F-5435-467A-B526-960205B78D7E}.Release|iPhoneSimulator.ActiveCfg = Release|iPhoneSimulator
		{FDF5F23F-5435-467A-B526-960205B78D7E}.Release|iPhoneSimulator.Build.0 = Release|iPhoneSimulator
		{FDF5F23F-5435-467A-B526-960205B78D7E}.Release|iPhoneSimulator.Deploy.0 = Release|iPhoneSimulator
		{BDE152E5-0FB7-4A32-8E16-93166E430E7F}.Debug|Any CPU.ActiveCfg = Debug|Any CPU
		{BDE152E5-0FB7-4A32-8E16-93166E430E7F}.Debug|Any CPU.Build.0 = Debug|Any CPU
		{BDE152E5-0FB7-4A32-8E16-93166E430E7F}.Debug|Any CPU.Deploy.0 = Debug|Any CPU
		{BDE152E5-0FB7-4A32-8E16-93166E430E7F}.Debug|iPhone.ActiveCfg = Debug|Any CPU
		{BDE152E5-0FB7-4A32-8E16-93166E430E7F}.Debug|iPhone.Build.0 = Debug|Any CPU
		{BDE152E5-0FB7-4A32-8E16-93166E430E7F}.Debug|iPhone.Deploy.0 = Debug|Any CPU
		{BDE152E5-0FB7-4A32-8E16-93166E430E7F}.Debug|iPhoneSimulator.ActiveCfg = Debug|Any CPU
		{BDE152E5-0FB7-4A32-8E16-93166E430E7F}.Debug|iPhoneSimulator.Build.0 = Debug|Any CPU
		{BDE152E5-0FB7-4A32-8E16-93166E430E7F}.Debug|iPhoneSimulator.Deploy.0 = Debug|Any CPU
		{BDE152E5-0FB7-4A32-8E16-93166E430E7F}.Release|Any CPU.ActiveCfg = Release|Any CPU
		{BDE152E5-0FB7-4A32-8E16-93166E430E7F}.Release|Any CPU.Build.0 = Release|Any CPU
		{BDE152E5-0FB7-4A32-8E16-93166E430E7F}.Release|Any CPU.Deploy.0 = Release|Any CPU
		{BDE152E5-0FB7-4A32-8E16-93166E430E7F}.Release|iPhone.ActiveCfg = Release|Any CPU
		{BDE152E5-0FB7-4A32-8E16-93166E430E7F}.Release|iPhone.Build.0 = Release|Any CPU
		{BDE152E5-0FB7-4A32-8E16-93166E430E7F}.Release|iPhone.Deploy.0 = Release|Any CPU
		{BDE152E5-0FB7-4A32-8E16-93166E430E7F}.Release|iPhoneSimulator.ActiveCfg = Release|Any CPU
		{BDE152E5-0FB7-4A32-8E16-93166E430E7F}.Release|iPhoneSimulator.Build.0 = Release|Any CPU
		{BDE152E5-0FB7-4A32-8E16-93166E430E7F}.Release|iPhoneSimulator.Deploy.0 = Release|Any CPU
	EndGlobalSection
	GlobalSection(SolutionProperties) = preSolution
		HideSolutionNode = FALSE
	EndGlobalSection
	GlobalSection(ExtensibilityGlobals) = postSolution
		SolutionGuid = {1033AAED-8404-43ED-BE6B-DBDF77B926CC}
	EndGlobalSection
EndGlobal
